
Microsoft Visual Studio Solution File, Format Version 12.00
# Visual Studio Version 16
VisualStudioVersion = 16.0.33214.272
MinimumVisualStudioVersion = 10.0.40219.1
Project("{FAE04EC0-301F-11D3-BF4B-00C04F79EFBC}") = "CropDealProject", "CropDealProject\CropDealProject.csproj", "{6756476C-F984-496D-8E29-088C42915F42}"
EndProject
Global
	GlobalSection(SolutionConfigurationPlatforms) = preSolution
		Debug|Any CPU = Debug|Any CPU
		Release|Any CPU = Release|Any CPU
	EndGlobalSection
	GlobalSection(ProjectConfigurationPlatforms) = postSolution
		{6756476C-F984-496D-8E29-088C42915F42}.Debug|Any CPU.ActiveCfg = Debug|Any CPU
		{6756476C-F984-496D-8E29-088C42915F42}.Debug|Any CPU.Build.0 = Debug|Any CPU
		{6756476C-F984-496D-8E29-088C42915F42}.Release|Any CPU.ActiveCfg = Release|Any CPU
		{6756476C-F984-496D-8E29-088C42915F42}.Release|Any CPU.Build.0 = Release|Any CPU
	EndGlobalSection
	GlobalSection(SolutionProperties) = preSolution
		HideSolutionNode = FALSE
	EndGlobalSection
	GlobalSection(ExtensibilityGlobals) = postSolution
		SolutionGuid = {532A1EE3-F148-4DDE-B652-0661B7858272}
	EndGlobalSection
EndGlobal
